
Microsoft Visual Studio Solution File, Format Version 12.00
# Visual Studio Version 16
VisualStudioVersion = 16.0.31112.23
MinimumVisualStudioVersion = 10.0.40219.1
Project("{FAE04EC0-301F-11D3-BF4B-00C04F79EFBC}") = "ConsoleApp1", "ConsoleApp1\ConsoleApp1.csproj", "{FDB5BFF1-5FB4-4C7A-B354-80C3CD9134CD}"
EndProject
Global
	GlobalSection(SolutionConfigurationPlatforms) = preSolution
		Debug|Any CPU = Debug|Any CPU
		Release|Any CPU = Release|Any CPU
	EndGlobalSection
	GlobalSection(ProjectConfigurationPlatforms) = postSolution
		{FDB5BFF1-5FB4-4C7A-B354-80C3CD9134CD}.Debug|Any CPU.ActiveCfg = Debug|Any CPU
		{FDB5BFF1-5FB4-4C7A-B354-80C3CD9134CD}.Debug|Any CPU.Build.0 = Debug|Any CPU
		{FDB5BFF1-5FB4-4C7A-B354-80C3CD9134CD}.Release|Any CPU.ActiveCfg = Release|Any CPU
		{FDB5BFF1-5FB4-4C7A-B354-80C3CD9134CD}.Release|Any CPU.Build.0 = Release|Any CPU
	EndGlobalSection
	GlobalSection(SolutionProperties) = preSolution
		HideSolutionNode = FALSE
	EndGlobalSection
	GlobalSection(ExtensibilityGlobals) = postSolution
		SolutionGuid = {6E90C47C-DF35-41C4-A519-74115CA50A01}
	EndGlobalSection
EndGlobal
